
Microsoft Visual Studio Solution File, Format Version 12.00
# Visual Studio Version 16
VisualStudioVersion = 16.0.31702.278
MinimumVisualStudioVersion = 10.0.40219.1
Project("{8BC9CEB8-8B4A-11D0-8D11-00A0C91BC942}") = "STL", "STL\STL.vcxproj", "{AE4F954C-DA94-457A-B9AD-54B8DE3AB4EC}"
EndProject
Global
	GlobalSection(SolutionConfigurationPlatforms) = preSolution
		Debug|x64 = Debug|x64
		Debug|x86 = Debug|x86
		Release|x64 = Release|x64
		Release|x86 = Release|x86
	EndGlobalSection
	GlobalSection(ProjectConfigurationPlatforms) = postSolution
		{AE4F954C-DA94-457A-B9AD-54B8DE3AB4EC}.Debug|x64.ActiveCfg = Debug|x64
		{AE4F954C-DA94-457A-B9AD-54B8DE3AB4EC}.Debug|x64.Build.0 = Debug|x64
		{AE4F954C-DA94-457A-B9AD-54B8DE3AB4EC}.Debug|x86.ActiveCfg = Debug|Win32
		{AE4F954C-DA94-457A-B9AD-54B8DE3AB4EC}.Debug|x86.Build.0 = Debug|Win32
		{AE4F954C-DA94-457A-B9AD-54B8DE3AB4EC}.Release|x64.ActiveCfg = Release|x64
		{AE4F954C-DA94-457A-B9AD-54B8DE3AB4EC}.Release|x64.Build.0 = Release|x64
		{AE4F954C-DA94-457A-B9AD-54B8DE3AB4EC}.Release|x86.ActiveCfg = Release|Win32
		{AE4F954C-DA94-457A-B9AD-54B8DE3AB4EC}.Release|x86.Build.0 = Release|Win32
	EndGlobalSection
	GlobalSection(SolutionProperties) = preSolution
		HideSolutionNode = FALSE
	EndGlobalSection
	GlobalSection(ExtensibilityGlobals) = postSolution
		SolutionGuid = {55BE884F-E91E-4A10-8E0B-C7EE66E68895}
	EndGlobalSection
EndGlobal
